{
  "name": "hmyougou",
  "version": "1.0.0",
  "lockfileVersion": 2,
  "requires": true,
  "packages": {
    "": {
      "name": "hmyougou",
      "version": "1.0.0",
      "license": "ISC",
      "dependencies": {
        "@escook/request-miniprogram": "^0.2.1",
        "uview-ui": "^2.0.27",
        "vuex": "^3.6.2"
      }
    },
    "node_modules/@escook/request-miniprogram": {
      "version": "0.2.1",
      "resolved": "https://registry.npmmirror.com/@escook/request-miniprogram/-/request-miniprogram-0.2.1.tgz",
      "integrity": "sha512-ueWV5YsaEm/ycQZuEjMiA88GFMhfBQSjy9GrP9omy4xAQajkGTbYIlnhzsDfWzRPmRC1fKmAiKMrCVcgS+SHcQ=="
    },
    "node_modules/uview-ui": {
      "version": "2.0.27",
      "resolved": "https://registry.npmmirror.com/uview-ui/-/uview-ui-2.0.27.tgz",
      "integrity": "sha512-fl35rlguNPfXnwNoVv0w4zS1blFFxxSPuGR1+9SbpFGC33aiTBaoFWs/4Fppj0foS/kDCqSWcJiymNmQjPBD4g==",
      "engines": {
        "HBuilderX": "^3.1.0"
      }
    },
    "node_modules/vue": {
      "version": "2.6.14",
      "resolved": "https://registry.npmmirror.com/vue/download/vue-2.6.14.tgz",
      "integrity": "sha512-x2284lgYvjOMj3Za7kqzRcUSxBboHqtgRE2zlos1qWaOye5yUmHn42LB1250NJBLRwEcdrB0JRwyPTEPhfQjiQ==",
      "peer": true
    },
    "node_modules/vuex": {
      "version": "3.6.2",
      "resolved": "https://registry.npmmirror.com/vuex/download/vuex-3.6.2.tgz",
      "integrity": "sha512-ETW44IqCgBpVomy520DT5jf8n0zoCac+sxWnn+hMe/CzaSejb/eVw2YToiXYX+Ex/AuHHia28vWTq4goAexFbw==",
      "peerDependencies": {
        "vue": "^2.0.0"
      }
    }
  },
  "dependencies": {
    "@escook/request-miniprogram": {
      "version": "0.2.1",
      "resolved": "https://registry.npmmirror.com/@escook/request-miniprogram/-/request-miniprogram-0.2.1.tgz",
      "integrity": "sha512-ueWV5YsaEm/ycQZuEjMiA88GFMhfBQSjy9GrP9omy4xAQajkGTbYIlnhzsDfWzRPmRC1fKmAiKMrCVcgS+SHcQ=="
    },
    "uview-ui": {
      "version": "2.0.27",
      "resolved": "https://registry.npmmirror.com/uview-ui/-/uview-ui-2.0.27.tgz",
      "integrity": "sha512-fl35rlguNPfXnwNoVv0w4zS1blFFxxSPuGR1+9SbpFGC33aiTBaoFWs/4Fppj0foS/kDCqSWcJiymNmQjPBD4g=="
    },
    "vue": {
      "version": "2.6.14",
      "resolved": "https://registry.npmmirror.com/vue/download/vue-2.6.14.tgz",
      "integrity": "sha512-x2284lgYvjOMj3Za7kqzRcUSxBboHqtgRE2zlos1qWaOye5yUmHn42LB1250NJBLRwEcdrB0JRwyPTEPhfQjiQ==",
      "peer": true
    },
    "vuex": {
      "version": "3.6.2",
      "resolved": "https://registry.npmmirror.com/vuex/download/vuex-3.6.2.tgz",
      "integrity": "sha512-ETW44IqCgBpVomy520DT5jf8n0zoCac+sxWnn+hMe/CzaSejb/eVw2YToiXYX+Ex/AuHHia28vWTq4goAexFbw==",
      "requires": {}
    }
  }
}
